// !$*UTF8*$!
{
	archiveVersion = 1;
	classes = {
	};
	objectVersion = 56;
	objects = {

/* Begin PBXBuildFile section */
		574062532ADF793100F4F2FF /* EsriGeometryCreateApp.swift in Sources */ = {isa = PBXBuildFile; fileRef = 574062522ADF793100F4F2FF /* EsriGeometryCreateApp.swift */; };
		574062552ADF793200F4F2FF /* ContentView.swift in Sources */ = {isa = PBXBuildFile; fileRef = 574062542ADF793200F4F2FF /* ContentView.swift */; };
		574062572ADF793200F4F2FF /* Assets.xcassets in Resources */ = {isa = PBXBuildFile; fileRef = 574062562ADF793200F4F2FF /* Assets.xcassets */; };
		5740625A2ADF793200F4F2FF /* Preview Assets.xcassets in Resources */ = {isa = PBXBuildFile; fileRef = 574062592ADF793200F4F2FF /* Preview Assets.xcassets */; };
		574062622ADF798300F4F2FF /* ArcGIS in Frameworks */ = {isa = PBXBuildFile; productRef = 574062612ADF798300F4F2FF /* ArcGIS */; };
		57BB7DC02B57836600693B66 /* EsriGeometryCreate.xcdatamodeld in Sources */ = {isa = PBXBuildFile; fileRef = 57BB7DBE2B57836600693B66 /* EsriGeometryCreate.xcdatamodeld */; };
		57BB7DC22B57851900693B66 /* Persistence.swift in Sources */ = {isa = PBXBuildFile; fileRef = 57BB7DC12B57851900693B66 /* Persistence.swift */; };
/* End PBXBuildFile section */

/* Begin PBXFileReference section */
		5740624F2ADF793100F4F2FF /* EsriGeometryCreate.app */ = {isa = PBXFileReference; explicitFileType = wrapper.application; includeInIndex = 0; path = EsriGeometryCreate.app; sourceTree = BUILT_PRODUCTS_DIR; };
		574062522ADF793100F4F2FF /* EsriGeometryCreateApp.swift */ = {isa = PBXFileReference; lastKnownFileType = sourcecode.swift; path = EsriGeometryCreateApp.swift; sourceTree = "<group>"; };
		574062542ADF793200F4F2FF /* ContentView.swift */ = {isa = PBXFileReference; lastKnownFileType = sourcecode.swift; path = ContentView.swift; sourceTree = "<group>"; };
		574062562ADF793200F4F2FF /* Assets.xcassets */ = {isa = PBXFileReference; lastKnownFileType = folder.assetcatalog; path = Assets.xcassets; sourceTree = "<group>"; };
		574062592ADF793200F4F2FF /* Preview Assets.xcassets */ = {isa = PBXFileReference; lastKnownFileType = folder.assetcatalog; path = "Preview Assets.xcassets"; sourceTree = "<group>"; };
		57BB7DBF2B57836600693B66 /* EsriGeometryCreate.xcdatamodel */ = {isa = PBXFileReference; lastKnownFileType = wrapper.xcdatamodel; path = EsriGeometryCreate.xcdatamodel; sourceTree = "<group>"; };
		57BB7DC12B57851900693B66 /* Persistence.swift */ = {isa = PBXFileReference; fileEncoding = 4; lastKnownFileType = sourcecode.swift; path = Persistence.swift; sourceTree = "<group>"; };
/* End PBXFileReference section */

/* Begin PBXFrameworksBuildPhase section */
		5740624C2ADF793100F4F2FF /* Frameworks */ = {
			isa = PBXFrameworksBuildPhase;
			buildActionMask = 2147483647;
			files = (
				574062622ADF798300F4F2FF /* ArcGIS in Frameworks */,
			);
			runOnlyForDeploymentPostprocessing = 0;
		};
/* End PBXFrameworksBuildPhase section */

/* Begin PBXGroup section */
		574062462ADF793100F4F2FF = {
			isa = PBXGroup;
			children = (
				574062512ADF793100F4F2FF /* EsriGeometryCreate */,
				574062502ADF793100F4F2FF /* Products */,
			);
			sourceTree = "<group>";
		};
		574062502ADF793100F4F2FF /* Products */ = {
			isa = PBXGroup;
			children = (
				5740624F2ADF793100F4F2FF /* EsriGeometryCreate.app */,
			);
			name = Products;
			sourceTree = "<group>";
		};
		574062512ADF793100F4F2FF /* EsriGeometryCreate */ = {
			isa = PBXGroup;
			children = (
				574062522ADF793100F4F2FF /* EsriGeometryCreateApp.swift */,
				574062542ADF793200F4F2FF /* ContentView.swift */,
				57BB7DC12B57851900693B66 /* Persistence.swift */,
				574062562ADF793200F4F2FF /* Assets.xcassets */,
				574062582ADF793200F4F2FF /* Preview Content */,
				57BB7DBE2B57836600693B66 /* EsriGeometryCreate.xcdatamodeld */,
			);
			path = EsriGeometryCreate;
			sourceTree = "<group>";
		};
		574062582ADF793200F4F2FF /* Preview Content */ = {
			isa = PBXGroup;
			children = (
				574062592ADF793200F4F2FF /* Preview Assets.xcassets */,
			);
			path = "Preview Content";
			sourceTree = "<group>";
		};
/* End PBXGroup section */

/* Begin PBXNativeTarget section */
		5740624E2ADF793100F4F2FF /* EsriGeometryCreate */ = {
			isa = PBXNativeTarget;
			buildConfigurationList = 5740625D2ADF793200F4F2FF /* Build configuration list for PBXNativeTarget "EsriGeometryCreate" */;
			buildPhases = (
				5740624B2ADF793100F4F2FF /* Sources */,
				5740624C2ADF793100F4F2FF /* Frameworks */,
				5740624D2ADF793100F4F2FF /* Resources */,
			);
			buildRules = (
			);
			dependencies = (
			);
			name = EsriGeometryCreate;
			packageProductDependencies = (
				574062612ADF798300F4F2FF /* ArcGIS */,
			);
			productName = EsriGeometryCreate;
			productReference = 5740624F2ADF793100F4F2FF /* EsriGeometryCreate.app */;
			productType = "com.apple.product-type.application";
		};
/* End PBXNativeTarget section */

/* Begin PBXProject section */
		574062472ADF793100F4F2FF /* Project object */ = {
			isa = PBXProject;
			attributes = {
				BuildIndependentTargetsInParallel = 1;
				LastSwiftUpdateCheck = 1500;
				LastUpgradeCheck = 1500;
				TargetAttributes = {
					5740624E2ADF793100F4F2FF = {
						CreatedOnToolsVersion = 15.0;
					};
				};
			};
			buildConfigurationList = 5740624A2ADF793100F4F2FF /* Build configuration list for PBXProject "EsriGeometryCreate" */;
			compatibilityVersion = "Xcode 14.0";
			developmentRegion = en;
			hasScannedForEncodings = 0;
			knownRegions = (
				en,
				Base,
			);
			mainGroup = 574062462ADF793100F4F2FF;
			packageReferences = (
				574062602ADF798300F4F2FF /* XCRemoteSwiftPackageReference "arcgis-maps-sdk-swift" */,
			);
			productRefGroup = 574062502ADF793100F4F2FF /* Products */;
			projectDirPath = "";
			projectRoot = "";
			targets = (
				5740624E2ADF793100F4F2FF /* EsriGeometryCreate */,
			);
		};
/* End PBXProject section */

/* Begin PBXResourcesBuildPhase section */
		5740624D2ADF793100F4F2FF /* Resources */ = {
			isa = PBXResourcesBuildPhase;
			buildActionMask = 2147483647;
			files = (
				5740625A2ADF793200F4F2FF /* Preview Assets.xcassets in Resources */,
				574062572ADF793200F4F2FF /* Assets.xcassets in Resources */,
			);
			runOnlyForDeploymentPostprocessing = 0;
		};
/* End PBXResourcesBuildPhase section */

/* Begin PBXSourcesBuildPhase section */
		5740624B2ADF793100F4F2FF /* Sources */ = {
			isa = PBXSourcesBuildPhase;
			buildActionMask = 2147483647;
			files = (
				574062552ADF793200F4F2FF /* ContentView.swift in Sources */,
				57BB7DC22B57851900693B66 /* Persistence.swift in Sources */,
				57BB7DC02B57836600693B66 /* EsriGeometryCreate.xcdatamodeld in Sources */,
				574062532ADF793100F4F2FF /* EsriGeometryCreateApp.swift in Sources */,
			);
			runOnlyForDeploymentPostprocessing = 0;
		};
/* End PBXSourcesBuildPhase section */

/* Begin XCBuildConfiguration section */
		5740625B2ADF793200F4F2FF /* Debug */ = {
			isa = XCBuildConfiguration;
			buildSettings = {
				ALWAYS_SEARCH_USER_PATHS = NO;
				ASSETCATALOG_COMPILER_GENERATE_SWIFT_ASSET_SYMBOL_EXTENSIONS = YES;
				CLANG_ANALYZER_NONNULL = YES;
				CLANG_ANALYZER_NUMBER_OBJECT_CONVERSION = YES_AGGRESSIVE;
				CLANG_CXX_LANGUAGE_STANDARD = "gnu++20";
				CLANG_ENABLE_MODULES = YES;
				CLANG_ENABLE_OBJC_ARC = YES;
				CLANG_ENABLE_OBJC_WEAK = YES;
				CLANG_WARN_BLOCK_CAPTURE_AUTORELEASING = YES;
				CLANG_WARN_BOOL_CONVERSION = YES;
				CLANG_WARN_COMMA = YES;
				CLANG_WARN_CONSTANT_CONVERSION = YES;
				CLANG_WARN_DEPRECATED_OBJC_IMPLEMENTATIONS = YES;
				CLANG_WARN_DIRECT_OBJC_ISA_USAGE = YES_ERROR;
				CLANG_WARN_DOCUMENTATION_COMMENTS = YES;
				CLANG_WARN_EMPTY_BODY = YES;
				CLANG_WARN_ENUM_CONVERSION = YES;
				CLANG_WARN_INFINITE_RECURSION = YES;
				CLANG_WARN_INT_CONVERSION = YES;
				CLANG_WARN_NON_LITERAL_NULL_CONVERSION = YES;
				CLANG_WARN_OBJC_IMPLICIT_RETAIN_SELF = YES;
				CLANG_WARN_OBJC_LITERAL_CONVERSION = YES;
				CLANG_WARN_OBJC_ROOT_CLASS = YES_ERROR;
				CLANG_WARN_QUOTED_INCLUDE_IN_FRAMEWORK_HEADER = YES;
				CLANG_WARN_RANGE_LOOP_ANALYSIS = YES;
				CLANG_WARN_STRICT_PROTOTYPES = YES;
				CLANG_WARN_SUSPICIOUS_MOVE = YES;
				CLANG_WARN_UNGUARDED_AVAILABILITY = YES_AGGRESSIVE;
				CLANG_WARN_UNREACHABLE_CODE = YES;
				CLANG_WARN__DUPLICATE_METHOD_MATCH = YES;
				COPY_PHASE_STRIP = NO;
				DEBUG_INFORMATION_FORMAT = dwarf;
				ENABLE_STRICT_OBJC_MSGSEND = YES;
				ENABLE_TESTABILITY = YES;
				ENABLE_USER_SCRIPT_SANDBOXING = YES;
				GCC_C_LANGUAGE_STANDARD = gnu17;
				GCC_DYNAMIC_NO_PIC = NO;
				GCC_NO_COMMON_BLOCKS = YES;
				GCC_OPTIMIZATION_LEVEL = 0;
				GCC_PREPROCESSOR_DEFINITIONS = (
					"DEBUG=1",
					"$(inherited)",
				);
				GCC_WARN_64_TO_32_BIT_CONVERSION = YES;
				GCC_WARN_ABOUT_RETURN_TYPE = YES_ERROR;
				GCC_WARN_UNDECLARED_SELECTOR = YES;
				GCC_WARN_UNINITIALIZED_AUTOS = YES_AGGRESSIVE;
				GCC_WARN_UNUSED_FUNCTION = YES;
				GCC_WARN_UNUSED_VARIABLE = YES;
				IPHONEOS_DEPLOYMENT_TARGET = 17.0;
				LOCALIZATION_PREFERS_STRING_CATALOGS = YES;
				MTL_ENABLE_DEBUG_INFO = INCLUDE_SOURCE;
				MTL_FAST_MATH = YES;
				ONLY_ACTIVE_ARCH = YES;
				SDKROOT = iphoneos;
				SWIFT_ACTIVE_COMPILATION_CONDITIONS = "DEBUG $(inherited)";
				SWIFT_OPTIMIZATION_LEVEL = "-Onone";
			};
			name = Debug;
		};
		5740625C2ADF793200F4F2FF /* Release */ = {
			isa = XCBuildConfiguration;
			buildSettings = {
				ALWAYS_SEARCH_USER_PATHS = NO;
				ASSETCATALOG_COMPILER_GENERATE_SWIFT_ASSET_SYMBOL_EXTENSIONS = YES;
				CLANG_ANALYZER_NONNULL = YES;
				CLANG_ANALYZER_NUMBER_OBJECT_CONVERSION = YES_AGGRESSIVE;
				CLANG_CXX_LANGUAGE_STANDARD = "gnu++20";
				CLANG_ENABLE_MODULES = YES;
				CLANG_ENABLE_OBJC_ARC = YES;
				CLANG_ENABLE_OBJC_WEAK = YES;
				CLANG_WARN_BLOCK_CAPTURE_AUTORELEASING = YES;
				CLANG_WARN_BOOL_CONVERSION = YES;
				CLANG_WARN_COMMA = YES;
				CLANG_WARN_CONSTANT_CONVERSION = YES;
				CLANG_WARN_DEPRECATED_OBJC_IMPLEMENTATIONS = YES;
				CLANG_WARN_DIRECT_OBJC_ISA_USAGE = YES_ERROR;
				CLANG_WARN_DOCUMENTATION_COMMENTS = YES;
				CLANG_WARN_EMPTY_BODY = YES;
				CLANG_WARN_ENUM_CONVERSION = YES;
				CLANG_WARN_INFINITE_RECURSION = YES;
				CLANG_WARN_INT_CONVERSION = YES;
				CLANG_WARN_NON_LITERAL_NULL_CONVERSION = YES;
				CLANG_WARN_OBJC_IMPLICIT_RETAIN_SELF = YES;
				CLANG_WARN_OBJC_LITERAL_CONVERSION = YES;
				CLANG_WARN_OBJC_ROOT_CLASS = YES_ERROR;
				CLANG_WARN_QUOTED_INCLUDE_IN_FRAMEWORK_HEADER = YES;
				CLANG_WARN_RANGE_LOOP_ANALYSIS = YES;
				CLANG_WARN_STRICT_PROTOTYPES = YES;
				CLANG_WARN_SUSPICIOUS_MOVE = YES;
				CLANG_WARN_UNGUARDED_AVAILABILITY = YES_AGGRESSIVE;
				CLANG_WARN_UNREACHABLE_CODE = YES;
				CLANG_WARN__DUPLICATE_METHOD_MATCH = YES;
				COPY_PHASE_STRIP = NO;
				DEBUG_INFORMATION_FORMAT = "dwarf-with-dsym";
				ENABLE_NS_ASSERTIONS = NO;
				ENABLE_STRICT_OBJC_MSGSEND = YES;
				ENABLE_USER_SCRIPT_SANDBOXING = YES;
				GCC_C_LANGUAGE_STANDARD = gnu17;
				GCC_NO_COMMON_BLOCKS = YES;
				GCC_WARN_64_TO_32_BIT_CONVERSION = YES;
				GCC_WARN_ABOUT_RETURN_TYPE = YES_ERROR;
				GCC_WARN_UNDECLARED_SELECTOR = YES;
				GCC_WARN_UNINITIALIZED_AUTOS = YES_AGGRESSIVE;
				GCC_WARN_UNUSED_FUNCTION = YES;
				GCC_WARN_UNUSED_VARIABLE = YES;
				IPHONEOS_DEPLOYMENT_TARGET = 17.0;
				LOCALIZATION_PREFERS_STRING_CATALOGS = YES;
				MTL_ENABLE_DEBUG_INFO = NO;
				MTL_FAST_MATH = YES;
				SDKROOT = iphoneos;
				SWIFT_COMPILATION_MODE = wholemodule;
				VALIDATE_PRODUCT = YES;
			};
			name = Release;
		};
		5740625E2ADF793200F4F2FF /* Debug */ = {
			isa = XCBuildConfiguration;
			buildSettings = {
				ASSETCATALOG_COMPILER_APPICON_NAME = AppIcon;
				ASSETCATALOG_COMPILER_GLOBAL_ACCENT_COLOR_NAME = AccentColor;
				CODE_SIGN_STYLE = Automatic;
				CURRENT_PROJECT_VERSION = 1;
				DEVELOPMENT_ASSET_PATHS = "\"EsriGeometryCreate/Preview Content\"";
				DEVELOPMENT_TEAM = 2VW258XARG;
				ENABLE_PREVIEWS = YES;
				GENERATE_INFOPLIST_FILE = YES;
				INFOPLIST_KEY_UIApplicationSceneManifest_Generation = YES;
				INFOPLIST_KEY_UIApplicationSupportsIndirectInputEvents = YES;
				INFOPLIST_KEY_UILaunchScreen_Generation = YES;
				INFOPLIST_KEY_UISupportedInterfaceOrientations_iPad = "UIInterfaceOrientationPortrait UIInterfaceOrientationPortraitUpsideDown UIInterfaceOrientationLandscapeLeft UIInterfaceOrientationLandscapeRight";
				INFOPLIST_KEY_UISupportedInterfaceOrientations_iPhone = "UIInterfaceOrientationPortrait UIInterfaceOrientationLandscapeLeft UIInterfaceOrientationLandscapeRight";
				LD_RUNPATH_SEARCH_PATHS = (
					"$(inherited)",
					"@executable_path/Frameworks",
				);
				MARKETING_VERSION = 1.0;
				PRODUCT_BUNDLE_IDENTIFIER = com.cuwcd.EsriGeometryCreate;
				PRODUCT_NAME = "$(TARGET_NAME)";
				SWIFT_EMIT_LOC_STRINGS = YES;
				SWIFT_VERSION = 5.0;
				TARGETED_DEVICE_FAMILY = "1,2";
			};
			name = Debug;
		};
		5740625F2ADF793200F4F2FF /* Release */ = {
			isa = XCBuildConfiguration;
			buildSettings = {
				ASSETCATALOG_COMPILER_APPICON_NAME = AppIcon;
				ASSETCATALOG_COMPILER_GLOBAL_ACCENT_COLOR_NAME = AccentColor;
				CODE_SIGN_STYLE = Automatic;
				CURRENT_PROJECT_VERSION = 1;
				DEVELOPMENT_ASSET_PATHS = "\"EsriGeometryCreate/Preview Content\"";
				DEVELOPMENT_TEAM = 2VW258XARG;
				ENABLE_PREVIEWS = YES;
				GENERATE_INFOPLIST_FILE = YES;
				INFOPLIST_KEY_UIApplicationSceneManifest_Generation = YES;
				INFOPLIST_KEY_UIApplicationSupportsIndirectInputEvents = YES;
				INFOPLIST_KEY_UILaunchScreen_Generation = YES;
				INFOPLIST_KEY_UISupportedInterfaceOrientations_iPad = "UIInterfaceOrientationPortrait UIInterfaceOrientationPortraitUpsideDown UIInterfaceOrientationLandscapeLeft UIInterfaceOrientationLandscapeRight";
				INFOPLIST_KEY_UISupportedInterfaceOrientations_iPhone = "UIInterfaceOrientationPortrait UIInterfaceOrientationLandscapeLeft UIInterfaceOrientationLandscapeRight";
				LD_RUNPATH_SEARCH_PATHS = (
					"$(inherited)",
					"@executable_path/Frameworks",
				);
				MARKETING_VERSION = 1.0;
				PRODUCT_BUNDLE_IDENTIFIER = com.cuwcd.EsriGeometryCreate;
				PRODUCT_NAME = "$(TARGET_NAME)";
				SWIFT_EMIT_LOC_STRINGS = YES;
				SWIFT_VERSION = 5.0;
				TARGETED_DEVICE_FAMILY = "1,2";
			};
			name = Release;
		};
/* End XCBuildConfiguration section */

/* Begin XCConfigurationList section */
		5740624A2ADF793100F4F2FF /* Build configuration list for PBXProject "EsriGeometryCreate" */ = {
			isa = XCConfigurationList;
			buildConfigurations = (
				5740625B2ADF793200F4F2FF /* Debug */,
				5740625C2ADF793200F4F2FF /* Release */,
			);
			defaultConfigurationIsVisible = 0;
			defaultConfigurationName = Release;
		};
		5740625D2ADF793200F4F2FF /* Build configuration list for PBXNativeTarget "EsriGeometryCreate" */ = {
			isa = XCConfigurationList;
			buildConfigurations = (
				5740625E2ADF793200F4F2FF /* Debug */,
				5740625F2ADF793200F4F2FF /* Release */,
			);
			defaultConfigurationIsVisible = 0;
			defaultConfigurationName = Release;
		};
/* End XCConfigurationList section */

/* Begin XCRemoteSwiftPackageReference section */
		574062602ADF798300F4F2FF /* XCRemoteSwiftPackageReference "arcgis-maps-sdk-swift" */ = {
			isa = XCRemoteSwiftPackageReference;
			repositoryURL = "https://github.com/esri/arcgis-maps-sdk-swift";
			requirement = {
				kind = upToNextMajorVersion;
				minimumVersion = 200.2.0;
			};
		};
/* End XCRemoteSwiftPackageReference section */

/* Begin XCSwiftPackageProductDependency section */
		574062612ADF798300F4F2FF /* ArcGIS */ = {
			isa = XCSwiftPackageProductDependency;
			package = 574062602ADF798300F4F2FF /* XCRemoteSwiftPackageReference "arcgis-maps-sdk-swift" */;
			productName = ArcGIS;
		};
/* End XCSwiftPackageProductDependency section */

/* Begin XCVersionGroup section */
		57BB7DBE2B57836600693B66 /* EsriGeometryCreate.xcdatamodeld */ = {
			isa = XCVersionGroup;
			children = (
				57BB7DBF2B57836600693B66 /* EsriGeometryCreate.xcdatamodel */,
			);
			currentVersion = 57BB7DBF2B57836600693B66 /* EsriGeometryCreate.xcdatamodel */;
			path = EsriGeometryCreate.xcdatamodeld;
			sourceTree = "<group>";
			versionGroupType = wrapper.xcdatamodel;
		};
/* End XCVersionGroup section */
	};
	rootObject = 574062472ADF793100F4F2FF /* Project object */;
}
